
Microsoft Visual Studio Solution File, Format Version 12.00
# Visual Studio Version 17
VisualStudioVersion = 17.4.33110.190
MinimumVisualStudioVersion = 10.0.40219.1
Project("{FAE04EC0-301F-11D3-BF4B-00C04F79EFBC}") = "Wandrechner", "Wandrechner\Wandrechner.csproj", "{416AEE5B-76F2-48C1-A6F0-BC19C9500C71}"
EndProject
Global
	GlobalSection(SolutionConfigurationPlatforms) = preSolution
		Debug|Any CPU = Debug|Any CPU
		Release|Any CPU = Release|Any CPU
	EndGlobalSection
	GlobalSection(ProjectConfigurationPlatforms) = postSolution
		{416AEE5B-76F2-48C1-A6F0-BC19C9500C71}.Debug|Any CPU.ActiveCfg = Debug|Any CPU
		{416AEE5B-76F2-48C1-A6F0-BC19C9500C71}.Debug|Any CPU.Build.0 = Debug|Any CPU
		{416AEE5B-76F2-48C1-A6F0-BC19C9500C71}.Release|Any CPU.ActiveCfg = Release|Any CPU
		{416AEE5B-76F2-48C1-A6F0-BC19C9500C71}.Release|Any CPU.Build.0 = Release|Any CPU
	EndGlobalSection
	GlobalSection(SolutionProperties) = preSolution
		HideSolutionNode = FALSE
	EndGlobalSection
	GlobalSection(ExtensibilityGlobals) = postSolution
		SolutionGuid = {EEB3AF01-15F7-4FE1-A511-5256665D0314}
	EndGlobalSection
EndGlobal
